
Microsoft Visual Studio Solution File, Format Version 12.00
# Visual Studio Version 17
VisualStudioVersion = 17.9.34728.123
MinimumVisualStudioVersion = 10.0.40219.1
Project("{FAE04EC0-301F-11D3-BF4B-00C04F79EFBC}") = "CalculatorConsole", "CalculatorConsole.csproj", "{F29CDD84-5679-49D4-BCEC-D9C6DC720F2C}"
EndProject
Global
	GlobalSection(SolutionConfigurationPlatforms) = preSolution
		Debug|Any CPU = Debug|Any CPU
		Release|Any CPU = Release|Any CPU
	EndGlobalSection
	GlobalSection(ProjectConfigurationPlatforms) = postSolution
		{F29CDD84-5679-49D4-BCEC-D9C6DC720F2C}.Debug|Any CPU.ActiveCfg = Debug|Any CPU
		{F29CDD84-5679-49D4-BCEC-D9C6DC720F2C}.Debug|Any CPU.Build.0 = Debug|Any CPU
		{F29CDD84-5679-49D4-BCEC-D9C6DC720F2C}.Release|Any CPU.ActiveCfg = Release|Any CPU
		{F29CDD84-5679-49D4-BCEC-D9C6DC720F2C}.Release|Any CPU.Build.0 = Release|Any CPU
	EndGlobalSection
	GlobalSection(SolutionProperties) = preSolution
		HideSolutionNode = FALSE
	EndGlobalSection
	GlobalSection(ExtensibilityGlobals) = postSolution
		SolutionGuid = {D3FAAAC9-5FD3-4F68-9D90-C151D6C894B6}
	EndGlobalSection
EndGlobal
